# THIS IS AN AUTOGENERATED FILE. DO NOT EDIT THIS FILE DIRECTLY.
# yarn lockfile v1


"@playwright/test@^1.42.0":
  version "1.42.0"
  resolved "https://registry.yarnpkg.com/@playwright/test/-/test-1.42.0.tgz#f65a7dcb92f202f376a7538e71855d873d1e6aa2"
  integrity sha512-2k1HzC28Fs+HiwbJOQDUwrWMttqSLUVdjCqitBOjdCD0svWOMQUVqrXX6iFD7POps6xXAojsX/dGBpKnjZctLA==
  dependencies:
    playwright "1.42.0"

fsevents@2.3.2:
  version "2.3.2"
  resolved "https://registry.yarnpkg.com/fsevents/-/fsevents-2.3.2.tgz#8a526f78b8fdf4623b709e0b975c52c24c02fd1a"
  integrity sha512-xiqMQR4xAeHTuB9uWm+fFRcIOgKBMiOBP+eXiyT7jsgVCq1bkVygt00oASowB7EdtpOHaaPgKt812P9ab+DDKA==

lodash@^4.17.21:
  version "4.17.21"
  resolved "https://registry.yarnpkg.com/lodash/-/lodash-4.17.21.tgz#679591c564c3bffaae8454cf0b3df370c3d6911c"
  integrity sha512-v2kDEe57lecTulaDIuNTPy3Ry4gLGJ6Z1O3vE1krgXZNrsQ+LFTGHVxVjcXPs17LhbZVGedAJv8XZ1tvj5FvSg==

playwright-core@1.42.0:
  version "1.42.0"
  resolved "https://registry.yarnpkg.com/playwright-core/-/playwright-core-1.42.0.tgz#bc6525268b13b8bed5fbead761a1a886984555c4"
  integrity sha512-0HD9y8qEVlcbsAjdpBaFjmaTHf+1FeIddy8VJLeiqwhcNqGCBe4Wp2e8knpqiYbzxtxarxiXyNDw2cG8sCaNMQ==

playwright@1.42.0, playwright@^1.42.0:
  version "1.42.0"
  resolved "https://registry.yarnpkg.com/playwright/-/playwright-1.42.0.tgz#6d4265b124d2b87432083aa7af30c46aaec5e703"
  integrity sha512-Ko7YRUgj5xBHbntrgt4EIw/nE//XBHOKVKnBjO1KuZkmkhlbgyggTe5s9hjqQ1LpN+Xg+kHsQyt5Pa0Bw5XpvQ==
  dependencies:
    playwright-core "1.42.0"
  optionalDependencies:
    fsevents "2.3.2"
